
Microsoft Visual Studio Solution File, Format Version 12.00
# Visual Studio Version 16
VisualStudioVersion = 16.0.30717.126
MinimumVisualStudioVersion = 10.0.40219.1
Project("{9A19103F-16F7-4668-BE54-9A1E7A4F7556}") = "Finorg", "Finorg\Finorg.csproj", "{D1405C14-E37C-449F-94DF-E9CDE2FB22C4}"
EndProject
Project("{9A19103F-16F7-4668-BE54-9A1E7A4F7556}") = "Finorg.Services", "Finorg.Services\Finorg.Services.csproj", "{A45051EC-EBA5-49C1-8A25-8EBCC4A12842}"
EndProject
Project("{9A19103F-16F7-4668-BE54-9A1E7A4F7556}") = "Finorg.Data", "Finorg.Data\Finorg.Data.csproj", "{4C18346C-F53D-42C7-89DC-38CAFD643B12}"
EndProject
Project("{9A19103F-16F7-4668-BE54-9A1E7A4F7556}") = "Finorg.Models", "Finorg.Models\Finorg.Models.csproj", "{321EFD5F-3FAD-43DA-A249-D4C1F09BBCE4}"
EndProject
Project("{FAE04EC0-301F-11D3-BF4B-00C04F79EFBC}") = "Finorg.Dto", "Finorg.Dto\Finorg.Dto.csproj", "{58FF597A-3E0F-4031-B82B-6213A425B8D6}"
EndProject
Global
	GlobalSection(SolutionConfigurationPlatforms) = preSolution
		Debug|Any CPU = Debug|Any CPU
		Release|Any CPU = Release|Any CPU
	EndGlobalSection
	GlobalSection(ProjectConfigurationPlatforms) = postSolution
		{D1405C14-E37C-449F-94DF-E9CDE2FB22C4}.Debug|Any CPU.ActiveCfg = Debug|Any CPU
		{D1405C14-E37C-449F-94DF-E9CDE2FB22C4}.Debug|Any CPU.Build.0 = Debug|Any CPU
		{D1405C14-E37C-449F-94DF-E9CDE2FB22C4}.Release|Any CPU.ActiveCfg = Release|Any CPU
		{D1405C14-E37C-449F-94DF-E9CDE2FB22C4}.Release|Any CPU.Build.0 = Release|Any CPU
		{A45051EC-EBA5-49C1-8A25-8EBCC4A12842}.Debug|Any CPU.ActiveCfg = Debug|Any CPU
		{A45051EC-EBA5-49C1-8A25-8EBCC4A12842}.Debug|Any CPU.Build.0 = Debug|Any CPU
		{A45051EC-EBA5-49C1-8A25-8EBCC4A12842}.Release|Any CPU.ActiveCfg = Release|Any CPU
		{A45051EC-EBA5-49C1-8A25-8EBCC4A12842}.Release|Any CPU.Build.0 = Release|Any CPU
		{4C18346C-F53D-42C7-89DC-38CAFD643B12}.Debug|Any CPU.ActiveCfg = Debug|Any CPU
		{4C18346C-F53D-42C7-89DC-38CAFD643B12}.Debug|Any CPU.Build.0 = Debug|Any CPU
		{4C18346C-F53D-42C7-89DC-38CAFD643B12}.Release|Any CPU.ActiveCfg = Release|Any CPU
		{4C18346C-F53D-42C7-89DC-38CAFD643B12}.Release|Any CPU.Build.0 = Release|Any CPU
		{321EFD5F-3FAD-43DA-A249-D4C1F09BBCE4}.Debug|Any CPU.ActiveCfg = Debug|Any CPU
		{321EFD5F-3FAD-43DA-A249-D4C1F09BBCE4}.Debug|Any CPU.Build.0 = Debug|Any CPU
		{321EFD5F-3FAD-43DA-A249-D4C1F09BBCE4}.Release|Any CPU.ActiveCfg = Release|Any CPU
		{321EFD5F-3FAD-43DA-A249-D4C1F09BBCE4}.Release|Any CPU.Build.0 = Release|Any CPU
		{58FF597A-3E0F-4031-B82B-6213A425B8D6}.Debug|Any CPU.ActiveCfg = Debug|Any CPU
		{58FF597A-3E0F-4031-B82B-6213A425B8D6}.Debug|Any CPU.Build.0 = Debug|Any CPU
		{58FF597A-3E0F-4031-B82B-6213A425B8D6}.Release|Any CPU.ActiveCfg = Release|Any CPU
		{58FF597A-3E0F-4031-B82B-6213A425B8D6}.Release|Any CPU.Build.0 = Release|Any CPU
	EndGlobalSection
	GlobalSection(SolutionProperties) = preSolution
		HideSolutionNode = FALSE
	EndGlobalSection
	GlobalSection(ExtensibilityGlobals) = postSolution
		SolutionGuid = {36D9B1BE-9F11-4183-B897-1AE35C3E7E5F}
	EndGlobalSection
EndGlobal
